
Microsoft Visual Studio Solution File, Format Version 12.00
Project("{FAE04EC0-301F-11D3-BF4B-00C04F79EFBC}") = "Part2", "Part2\Part2.csproj", "{4E82F9F7-F2C0-445D-BA15-E7525FD808CE}"
EndProject
Project("{FAE04EC0-301F-11D3-BF4B-00C04F79EFBC}") = "Part2.Test", "Part2.Test\Part2.Test.csproj", "{43E6D13D-72E5-4BC3-90BA-CDA68F7B799E}"
EndProject
Global
	GlobalSection(SolutionConfigurationPlatforms) = preSolution
		Debug|Any CPU = Debug|Any CPU
		Release|Any CPU = Release|Any CPU
	EndGlobalSection
	GlobalSection(ProjectConfigurationPlatforms) = postSolution
		{4E82F9F7-F2C0-445D-BA15-E7525FD808CE}.Debug|Any CPU.ActiveCfg = Debug|Any CPU
		{4E82F9F7-F2C0-445D-BA15-E7525FD808CE}.Debug|Any CPU.Build.0 = Debug|Any CPU
		{4E82F9F7-F2C0-445D-BA15-E7525FD808CE}.Release|Any CPU.ActiveCfg = Release|Any CPU
		{4E82F9F7-F2C0-445D-BA15-E7525FD808CE}.Release|Any CPU.Build.0 = Release|Any CPU
		{43E6D13D-72E5-4BC3-90BA-CDA68F7B799E}.Debug|Any CPU.ActiveCfg = Debug|Any CPU
		{43E6D13D-72E5-4BC3-90BA-CDA68F7B799E}.Debug|Any CPU.Build.0 = Debug|Any CPU
		{43E6D13D-72E5-4BC3-90BA-CDA68F7B799E}.Release|Any CPU.ActiveCfg = Release|Any CPU
		{43E6D13D-72E5-4BC3-90BA-CDA68F7B799E}.Release|Any CPU.Build.0 = Release|Any CPU
	EndGlobalSection
EndGlobal
