
Microsoft Visual Studio Solution File, Format Version 12.00
Project("{FAE04EC0-301F-11D3-BF4B-00C04F79EFBC}") = "Part1", "Part1\Part1.csproj", "{5AB71099-0E9C-472C-A3B3-6C52B3E1BA83}"
EndProject
Project("{FAE04EC0-301F-11D3-BF4B-00C04F79EFBC}") = "Part1.Test", "Part1.Test\Part1.Test.csproj", "{B029656C-8D1B-4D2F-A552-6A4A0053111D}"
EndProject
Global
	GlobalSection(SolutionConfigurationPlatforms) = preSolution
		Debug|Any CPU = Debug|Any CPU
		Release|Any CPU = Release|Any CPU
	EndGlobalSection
	GlobalSection(ProjectConfigurationPlatforms) = postSolution
		{5AB71099-0E9C-472C-A3B3-6C52B3E1BA83}.Debug|Any CPU.ActiveCfg = Debug|Any CPU
		{5AB71099-0E9C-472C-A3B3-6C52B3E1BA83}.Debug|Any CPU.Build.0 = Debug|Any CPU
		{5AB71099-0E9C-472C-A3B3-6C52B3E1BA83}.Release|Any CPU.ActiveCfg = Release|Any CPU
		{5AB71099-0E9C-472C-A3B3-6C52B3E1BA83}.Release|Any CPU.Build.0 = Release|Any CPU
		{B029656C-8D1B-4D2F-A552-6A4A0053111D}.Debug|Any CPU.ActiveCfg = Debug|Any CPU
		{B029656C-8D1B-4D2F-A552-6A4A0053111D}.Debug|Any CPU.Build.0 = Debug|Any CPU
		{B029656C-8D1B-4D2F-A552-6A4A0053111D}.Release|Any CPU.ActiveCfg = Release|Any CPU
		{B029656C-8D1B-4D2F-A552-6A4A0053111D}.Release|Any CPU.Build.0 = Release|Any CPU
	EndGlobalSection
EndGlobal
